// !$*UTF8*$!
{
	archiveVersion = 1;
	classes = {
	};
	objectVersion = 50;
	objects = {

/* Begin PBXBuildFile section */
		0E0B6C1023728EC200E73384 /* hardCodedLocationData.swift in Sources */ = {isa = PBXBuildFile; fileRef = 0E0B6C0F23728EC200E73384 /* hardCodedLocationData.swift */; };
		0E0B6C1423728FFD00E73384 /* GetStudentLocation.swift in Sources */ = {isa = PBXBuildFile; fileRef = 0E0B6C1323728FFD00E73384 /* GetStudentLocation.swift */; };
		0E0B6C16237290AC00E73384 /* LoginViewControllor.swift in Sources */ = {isa = PBXBuildFile; fileRef = 0E0B6C15237290AC00E73384 /* LoginViewControllor.swift */; };
		0E0B6C1D23729E9100E73384 /* ListTableView.swift in Sources */ = {isa = PBXBuildFile; fileRef = 0E0B6C1C23729E9100E73384 /* ListTableView.swift */; };
		0E2312DA237CC14C00794B16 /* MapLocation.swift in Sources */ = {isa = PBXBuildFile; fileRef = 0E2312D9237CC14C00794B16 /* MapLocation.swift */; };
		0E24B3D5237A736F009DE1D9 /* Global.swift in Sources */ = {isa = PBXBuildFile; fileRef = 0E24B3D4237A736F009DE1D9 /* Global.swift */; };
		0E713EF1237012BB004546B2 /* AppDelegate.swift in Sources */ = {isa = PBXBuildFile; fileRef = 0E713EF0237012BB004546B2 /* AppDelegate.swift */; };
		0E713EF3237012BB004546B2 /* MapViewController.swift in Sources */ = {isa = PBXBuildFile; fileRef = 0E713EF2237012BB004546B2 /* MapViewController.swift */; };
		0E713EF6237012BB004546B2 /* Main.storyboard in Resources */ = {isa = PBXBuildFile; fileRef = 0E713EF4237012BB004546B2 /* Main.storyboard */; };
		0E713EF8237012BD004546B2 /* Assets.xcassets in Resources */ = {isa = PBXBuildFile; fileRef = 0E713EF7237012BD004546B2 /* Assets.xcassets */; };
		0E713EFB237012BD004546B2 /* LaunchScreen.storyboard in Resources */ = {isa = PBXBuildFile; fileRef = 0E713EF9237012BD004546B2 /* LaunchScreen.storyboard */; };
		0E713F06237012BD004546B2 /* OnTheMapTests.swift in Sources */ = {isa = PBXBuildFile; fileRef = 0E713F05237012BD004546B2 /* OnTheMapTests.swift */; };
		0E713F11237012BD004546B2 /* OnTheMapUITests.swift in Sources */ = {isa = PBXBuildFile; fileRef = 0E713F10237012BD004546B2 /* OnTheMapUITests.swift */; };
		0E8859BD23746465008DD2B2 /* ParseClient.swift in Sources */ = {isa = PBXBuildFile; fileRef = 0E8859BC23746465008DD2B2 /* ParseClient.swift */; };
		0E8859BF23746474008DD2B2 /* UdasityClient.swift in Sources */ = {isa = PBXBuildFile; fileRef = 0E8859BE23746474008DD2B2 /* UdasityClient.swift */; };
		0EF1B80C2377F1CB00500D7B /* PutStudentLocation.swift in Sources */ = {isa = PBXBuildFile; fileRef = 0EF1B80B2377F1CB00500D7B /* PutStudentLocation.swift */; };
		0EF1B80E2377F1DD00500D7B /* PostStudentLocation.swift in Sources */ = {isa = PBXBuildFile; fileRef = 0EF1B80D2377F1DD00500D7B /* PostStudentLocation.swift */; };
		0EF1B8102377F27800500D7B /* PostSession.swift in Sources */ = {isa = PBXBuildFile; fileRef = 0EF1B80F2377F27800500D7B /* PostSession.swift */; };
		0EF1B8122377F35700500D7B /* DeleteSession.swift in Sources */ = {isa = PBXBuildFile; fileRef = 0EF1B8112377F35700500D7B /* DeleteSession.swift */; };
		0EF1B8142378361400500D7B /* APICalls.swift in Sources */ = {isa = PBXBuildFile; fileRef = 0EF1B8132378361400500D7B /* APICalls.swift */; };
		0EF1B81623783B7300500D7B /* AddNewLocation.swift in Sources */ = {isa = PBXBuildFile; fileRef = 0EF1B81523783B7300500D7B /* AddNewLocation.swift */; };
		0EF1B8182378726A00500D7B /* TableViewCell.swift in Sources */ = {isa = PBXBuildFile; fileRef = 0EF1B8172378726A00500D7B /* TableViewCell.swift */; };
/* End PBXBuildFile section */

/* Begin PBXContainerItemProxy section */
		0E713F02237012BD004546B2 /* PBXContainerItemProxy */ = {
			isa = PBXContainerItemProxy;
			containerPortal = 0E713EE5237012BB004546B2 /* Project object */;
			proxyType = 1;
			remoteGlobalIDString = 0E713EEC237012BB004546B2;
			remoteInfo = OnTheMap;
		};
		0E713F0D237012BD004546B2 /* PBXContainerItemProxy */ = {
			isa = PBXContainerItemProxy;
			containerPortal = 0E713EE5237012BB004546B2 /* Project object */;
			proxyType = 1;
			remoteGlobalIDString = 0E713EEC237012BB004546B2;
			remoteInfo = OnTheMap;
		};
/* End PBXContainerItemProxy section */

/* Begin PBXFileReference section */
		0E0B6C0F23728EC200E73384 /* hardCodedLocationData.swift */ = {isa = PBXFileReference; lastKnownFileType = sourcecode.swift; path = hardCodedLocationData.swift; sourceTree = "<group>"; };
		0E0B6C1323728FFD00E73384 /* GetStudentLocation.swift */ = {isa = PBXFileReference; lastKnownFileType = sourcecode.swift; path = GetStudentLocation.swift; sourceTree = "<group>"; };
		0E0B6C15237290AC00E73384 /* LoginViewControllor.swift */ = {isa = PBXFileReference; lastKnownFileType = sourcecode.swift; path = LoginViewControllor.swift; sourceTree = "<group>"; };
		0E0B6C1C23729E9100E73384 /* ListTableView.swift */ = {isa = PBXFileReference; lastKnownFileType = sourcecode.swift; path = ListTableView.swift; sourceTree = "<group>"; };
		0E2312D9237CC14C00794B16 /* MapLocation.swift */ = {isa = PBXFileReference; lastKnownFileType = sourcecode.swift; path = MapLocation.swift; sourceTree = "<group>"; };
		0E24B3D4237A736F009DE1D9 /* Global.swift */ = {isa = PBXFileReference; lastKnownFileType = sourcecode.swift; path = Global.swift; sourceTree = "<group>"; };
		0E713EED237012BB004546B2 /* OnTheMap.app */ = {isa = PBXFileReference; explicitFileType = wrapper.application; includeInIndex = 0; path = OnTheMap.app; sourceTree = BUILT_PRODUCTS_DIR; };
		0E713EF0237012BB004546B2 /* AppDelegate.swift */ = {isa = PBXFileReference; lastKnownFileType = sourcecode.swift; path = AppDelegate.swift; sourceTree = "<group>"; };
		0E713EF2237012BB004546B2 /* MapViewController.swift */ = {isa = PBXFileReference; lastKnownFileType = sourcecode.swift; path = MapViewController.swift; sourceTree = "<group>"; };
		0E713EF5237012BB004546B2 /* Base */ = {isa = PBXFileReference; lastKnownFileType = file.storyboard; name = Base; path = Base.lproj/Main.storyboard; sourceTree = "<group>"; };
		0E713EF7237012BD004546B2 /* Assets.xcassets */ = {isa = PBXFileReference; lastKnownFileType = folder.assetcatalog; path = Assets.xcassets; sourceTree = "<group>"; };
		0E713EFA237012BD004546B2 /* Base */ = {isa = PBXFileReference; lastKnownFileType = file.storyboard; name = Base; path = Base.lproj/LaunchScreen.storyboard; sourceTree = "<group>"; };
		0E713EFC237012BD004546B2 /* Info.plist */ = {isa = PBXFileReference; lastKnownFileType = text.plist.xml; path = Info.plist; sourceTree = "<group>"; };
		0E713F01237012BD004546B2 /* OnTheMapTests.xctest */ = {isa = PBXFileReference; explicitFileType = wrapper.cfbundle; includeInIndex = 0; path = OnTheMapTests.xctest; sourceTree = BUILT_PRODUCTS_DIR; };
		0E713F05237012BD004546B2 /* OnTheMapTests.swift */ = {isa = PBXFileReference; lastKnownFileType = sourcecode.swift; path = OnTheMapTests.swift; sourceTree = "<group>"; };
		0E713F07237012BD004546B2 /* Info.plist */ = {isa = PBXFileReference; lastKnownFileType = text.plist.xml; path = Info.plist; sourceTree = "<group>"; };
		0E713F0C237012BD004546B2 /* OnTheMapUITests.xctest */ = {isa = PBXFileReference; explicitFileType = wrapper.cfbundle; includeInIndex = 0; path = OnTheMapUITests.xctest; sourceTree = BUILT_PRODUCTS_DIR; };
		0E713F10237012BD004546B2 /* OnTheMapUITests.swift */ = {isa = PBXFileReference; lastKnownFileType = sourcecode.swift; path = OnTheMapUITests.swift; sourceTree = "<group>"; };
		0E713F12237012BD004546B2 /* Info.plist */ = {isa = PBXFileReference; lastKnownFileType = text.plist.xml; path = Info.plist; sourceTree = "<group>"; };
		0E8859BC23746465008DD2B2 /* ParseClient.swift */ = {isa = PBXFileReference; lastKnownFileType = sourcecode.swift; path = ParseClient.swift; sourceTree = "<group>"; };
		0E8859BE23746474008DD2B2 /* UdasityClient.swift */ = {isa = PBXFileReference; lastKnownFileType = sourcecode.swift; path = UdasityClient.swift; sourceTree = "<group>"; };
		0EF1B80B2377F1CB00500D7B /* PutStudentLocation.swift */ = {isa = PBXFileReference; lastKnownFileType = sourcecode.swift; path = PutStudentLocation.swift; sourceTree = "<group>"; };
		0EF1B80D2377F1DD00500D7B /* PostStudentLocation.swift */ = {isa = PBXFileReference; lastKnownFileType = sourcecode.swift; path = PostStudentLocation.swift; sourceTree = "<group>"; };
		0EF1B80F2377F27800500D7B /* PostSession.swift */ = {isa = PBXFileReference; lastKnownFileType = sourcecode.swift; path = PostSession.swift; sourceTree = "<group>"; };
		0EF1B8112377F35700500D7B /* DeleteSession.swift */ = {isa = PBXFileReference; lastKnownFileType = sourcecode.swift; path = DeleteSession.swift; sourceTree = "<group>"; };
		0EF1B8132378361400500D7B /* APICalls.swift */ = {isa = PBXFileReference; lastKnownFileType = sourcecode.swift; path = APICalls.swift; sourceTree = "<group>"; };
		0EF1B81523783B7300500D7B /* AddNewLocation.swift */ = {isa = PBXFileReference; lastKnownFileType = sourcecode.swift; path = AddNewLocation.swift; sourceTree = "<group>"; };
		0EF1B8172378726A00500D7B /* TableViewCell.swift */ = {isa = PBXFileReference; lastKnownFileType = sourcecode.swift; path = TableViewCell.swift; sourceTree = "<group>"; };
/* End PBXFileReference section */

/* Begin PBXFrameworksBuildPhase section */
		0E713EEA237012BB004546B2 /* Frameworks */ = {
			isa = PBXFrameworksBuildPhase;
			buildActionMask = 2147483647;
			files = (
			);
			runOnlyForDeploymentPostprocessing = 0;
		};
		0E713EFE237012BD004546B2 /* Frameworks */ = {
			isa = PBXFrameworksBuildPhase;
			buildActionMask = 2147483647;
			files = (
			);
			runOnlyForDeploymentPostprocessing = 0;
		};
		0E713F09237012BD004546B2 /* Frameworks */ = {
			isa = PBXFrameworksBuildPhase;
			buildActionMask = 2147483647;
			files = (
			);
			runOnlyForDeploymentPostprocessing = 0;
		};
/* End PBXFrameworksBuildPhase section */

/* Begin PBXGroup section */
		0E0B6C0D23728E6900E73384 /* Controllor */ = {
			isa = PBXGroup;
			children = (
				0E713EF0237012BB004546B2 /* AppDelegate.swift */,
				0E0B6C15237290AC00E73384 /* LoginViewControllor.swift */,
				0E713EF2237012BB004546B2 /* MapViewController.swift */,
				0E0B6C1C23729E9100E73384 /* ListTableView.swift */,
				0EF1B81523783B7300500D7B /* AddNewLocation.swift */,
				0E2312D9237CC14C00794B16 /* MapLocation.swift */,
				0EF1B8172378726A00500D7B /* TableViewCell.swift */,
			);
			path = Controllor;
			sourceTree = "<group>";
		};
		0E0B6C0E23728E8900E73384 /* Model */ = {
			isa = PBXGroup;
			children = (
				0E24B3D4237A736F009DE1D9 /* Global.swift */,
				0EF1B8132378361400500D7B /* APICalls.swift */,
				0E8859BB23746365008DD2B2 /* Parse */,
				0E8859BA23746359008DD2B2 /* Udasity */,
				0E0B6C0F23728EC200E73384 /* hardCodedLocationData.swift */,
			);
			path = Model;
			sourceTree = "<group>";
		};
		0E0B6C1B23729B3900E73384 /* View */ = {
			isa = PBXGroup;
			children = (
				0E713EF4237012BB004546B2 /* Main.storyboard */,
				0E713EF9237012BD004546B2 /* LaunchScreen.storyboard */,
				0E713EF7237012BD004546B2 /* Assets.xcassets */,
			);
			path = View;
			sourceTree = "<group>";
		};
		0E713EE4237012BB004546B2 = {
			isa = PBXGroup;
			children = (
				0E713EEF237012BB004546B2 /* OnTheMap */,
				0E713F04237012BD004546B2 /* OnTheMapTests */,
				0E713F0F237012BD004546B2 /* OnTheMapUITests */,
				0E713EEE237012BB004546B2 /* Products */,
			);
			sourceTree = "<group>";
		};
		0E713EEE237012BB004546B2 /* Products */ = {
			isa = PBXGroup;
			children = (
				0E713EED237012BB004546B2 /* OnTheMap.app */,
				0E713F01237012BD004546B2 /* OnTheMapTests.xctest */,
				0E713F0C237012BD004546B2 /* OnTheMapUITests.xctest */,
			);
			name = Products;
			sourceTree = "<group>";
		};
		0E713EEF237012BB004546B2 /* OnTheMap */ = {
			isa = PBXGroup;
			children = (
				0E0B6C0E23728E8900E73384 /* Model */,
				0E0B6C0D23728E6900E73384 /* Controllor */,
				0E0B6C1B23729B3900E73384 /* View */,
				0E713EFC237012BD004546B2 /* Info.plist */,
			);
			path = OnTheMap;
			sourceTree = "<group>";
		};
		0E713F04237012BD004546B2 /* OnTheMapTests */ = {
			isa = PBXGroup;
			children = (
				0E713F05237012BD004546B2 /* OnTheMapTests.swift */,
				0E713F07237012BD004546B2 /* Info.plist */,
			);
			path = OnTheMapTests;
			sourceTree = "<group>";
		};
		0E713F0F237012BD004546B2 /* OnTheMapUITests */ = {
			isa = PBXGroup;
			children = (
				0E713F10237012BD004546B2 /* OnTheMapUITests.swift */,
				0E713F12237012BD004546B2 /* Info.plist */,
			);
			path = OnTheMapUITests;
			sourceTree = "<group>";
		};
		0E8859BA23746359008DD2B2 /* Udasity */ = {
			isa = PBXGroup;
			children = (
				0E8859BE23746474008DD2B2 /* UdasityClient.swift */,
				0EF1B80F2377F27800500D7B /* PostSession.swift */,
				0EF1B8112377F35700500D7B /* DeleteSession.swift */,
			);
			path = Udasity;
			sourceTree = "<group>";
		};
		0E8859BB23746365008DD2B2 /* Parse */ = {
			isa = PBXGroup;
			children = (
				0E8859BC23746465008DD2B2 /* ParseClient.swift */,
				0E0B6C1323728FFD00E73384 /* GetStudentLocation.swift */,
				0EF1B80D2377F1DD00500D7B /* PostStudentLocation.swift */,
				0EF1B80B2377F1CB00500D7B /* PutStudentLocation.swift */,
			);
			path = Parse;
			sourceTree = "<group>";
		};
/* End PBXGroup section */

/* Begin PBXNativeTarget section */
		0E713EEC237012BB004546B2 /* OnTheMap */ = {
			isa = PBXNativeTarget;
			buildConfigurationList = 0E713F15237012BD004546B2 /* Build configuration list for PBXNativeTarget "OnTheMap" */;
			buildPhases = (
				0E713EE9237012BB004546B2 /* Sources */,
				0E713EEA237012BB004546B2 /* Frameworks */,
				0E713EEB237012BB004546B2 /* Resources */,
			);
			buildRules = (
			);
			dependencies = (
			);
			name = OnTheMap;
			productName = OnTheMap;
			productReference = 0E713EED237012BB004546B2 /* OnTheMap.app */;
			productType = "com.apple.product-type.application";
		};
		0E713F00237012BD004546B2 /* OnTheMapTests */ = {
			isa = PBXNativeTarget;
			buildConfigurationList = 0E713F18237012BD004546B2 /* Build configuration list for PBXNativeTarget "OnTheMapTests" */;
			buildPhases = (
				0E713EFD237012BD004546B2 /* Sources */,
				0E713EFE237012BD004546B2 /* Frameworks */,
				0E713EFF237012BD004546B2 /* Resources */,
			);
			buildRules = (
			);
			dependencies = (
				0E713F03237012BD004546B2 /* PBXTargetDependency */,
			);
			name = OnTheMapTests;
			productName = OnTheMapTests;
			productReference = 0E713F01237012BD004546B2 /* OnTheMapTests.xctest */;
			productType = "com.apple.product-type.bundle.unit-test";
		};
		0E713F0B237012BD004546B2 /* OnTheMapUITests */ = {
			isa = PBXNativeTarget;
			buildConfigurationList = 0E713F1B237012BD004546B2 /* Build configuration list for PBXNativeTarget "OnTheMapUITests" */;
			buildPhases = (
				0E713F08237012BD004546B2 /* Sources */,
				0E713F09237012BD004546B2 /* Frameworks */,
				0E713F0A237012BD004546B2 /* Resources */,
			);
			buildRules = (
			);
			dependencies = (
				0E713F0E237012BD004546B2 /* PBXTargetDependency */,
			);
			name = OnTheMapUITests;
			productName = OnTheMapUITests;
			productReference = 0E713F0C237012BD004546B2 /* OnTheMapUITests.xctest */;
			productType = "com.apple.product-type.bundle.ui-testing";
		};
/* End PBXNativeTarget section */

/* Begin PBXProject section */
		0E713EE5237012BB004546B2 /* Project object */ = {
			isa = PBXProject;
			attributes = {
				LastSwiftUpdateCheck = 1030;
				LastUpgradeCheck = 1030;
				ORGANIZATIONNAME = Udasity;
				TargetAttributes = {
					0E713EEC237012BB004546B2 = {
						CreatedOnToolsVersion = 10.3;
					};
					0E713F00237012BD004546B2 = {
						CreatedOnToolsVersion = 10.3;
						TestTargetID = 0E713EEC237012BB004546B2;
					};
					0E713F0B237012BD004546B2 = {
						CreatedOnToolsVersion = 10.3;
						TestTargetID = 0E713EEC237012BB004546B2;
					};
				};
			};
			buildConfigurationList = 0E713EE8237012BB004546B2 /* Build configuration list for PBXProject "OnTheMap" */;
			compatibilityVersion = "Xcode 9.3";
			developmentRegion = en;
			hasScannedForEncodings = 0;
			knownRegions = (
				en,
				Base,
			);
			mainGroup = 0E713EE4237012BB004546B2;
			productRefGroup = 0E713EEE237012BB004546B2 /* Products */;
			projectDirPath = "";
			projectRoot = "";
			targets = (
				0E713EEC237012BB004546B2 /* OnTheMap */,
				0E713F00237012BD004546B2 /* OnTheMapTests */,
				0E713F0B237012BD004546B2 /* OnTheMapUITests */,
			);
		};
/* End PBXProject section */

/* Begin PBXResourcesBuildPhase section */
		0E713EEB237012BB004546B2 /* Resources */ = {
			isa = PBXResourcesBuildPhase;
			buildActionMask = 2147483647;
			files = (
				0E713EFB237012BD004546B2 /* LaunchScreen.storyboard in Resources */,
				0E713EF8237012BD004546B2 /* Assets.xcassets in Resources */,
				0E713EF6237012BB004546B2 /* Main.storyboard in Resources */,
			);
			runOnlyForDeploymentPostprocessing = 0;
		};
		0E713EFF237012BD004546B2 /* Resources */ = {
			isa = PBXResourcesBuildPhase;
			buildActionMask = 2147483647;
			files = (
			);
			runOnlyForDeploymentPostprocessing = 0;
		};
		0E713F0A237012BD004546B2 /* Resources */ = {
			isa = PBXResourcesBuildPhase;
			buildActionMask = 2147483647;
			files = (
			);
			runOnlyForDeploymentPostprocessing = 0;
		};
/* End PBXResourcesBuildPhase section */

/* Begin PBXSourcesBuildPhase section */
		0E713EE9237012BB004546B2 /* Sources */ = {
			isa = PBXSourcesBuildPhase;
			buildActionMask = 2147483647;
			files = (
				0EF1B8182378726A00500D7B /* TableViewCell.swift in Sources */,
				0E8859BF23746474008DD2B2 /* UdasityClient.swift in Sources */,
				0E8859BD23746465008DD2B2 /* ParseClient.swift in Sources */,
				0EF1B8102377F27800500D7B /* PostSession.swift in Sources */,
				0EF1B80E2377F1DD00500D7B /* PostStudentLocation.swift in Sources */,
				0E0B6C1023728EC200E73384 /* hardCodedLocationData.swift in Sources */,
				0E713EF3237012BB004546B2 /* MapViewController.swift in Sources */,
				0E2312DA237CC14C00794B16 /* MapLocation.swift in Sources */,
				0EF1B8122377F35700500D7B /* DeleteSession.swift in Sources */,
				0E24B3D5237A736F009DE1D9 /* Global.swift in Sources */,
				0EF1B8142378361400500D7B /* APICalls.swift in Sources */,
				0E0B6C16237290AC00E73384 /* LoginViewControllor.swift in Sources */,
				0EF1B81623783B7300500D7B /* AddNewLocation.swift in Sources */,
				0E0B6C1D23729E9100E73384 /* ListTableView.swift in Sources */,
				0E713EF1237012BB004546B2 /* AppDelegate.swift in Sources */,
				0EF1B80C2377F1CB00500D7B /* PutStudentLocation.swift in Sources */,
				0E0B6C1423728FFD00E73384 /* GetStudentLocation.swift in Sources */,
			);
			runOnlyForDeploymentPostprocessing = 0;
		};
		0E713EFD237012BD004546B2 /* Sources */ = {
			isa = PBXSourcesBuildPhase;
			buildActionMask = 2147483647;
			files = (
				0E713F06237012BD004546B2 /* OnTheMapTests.swift in Sources */,
			);
			runOnlyForDeploymentPostprocessing = 0;
		};
		0E713F08237012BD004546B2 /* Sources */ = {
			isa = PBXSourcesBuildPhase;
			buildActionMask = 2147483647;
			files = (
				0E713F11237012BD004546B2 /* OnTheMapUITests.swift in Sources */,
			);
			runOnlyForDeploymentPostprocessing = 0;
		};
/* End PBXSourcesBuildPhase section */

/* Begin PBXTargetDependency section */
		0E713F03237012BD004546B2 /* PBXTargetDependency */ = {
			isa = PBXTargetDependency;
			target = 0E713EEC237012BB004546B2 /* OnTheMap */;
			targetProxy = 0E713F02237012BD004546B2 /* PBXContainerItemProxy */;
		};
		0E713F0E237012BD004546B2 /* PBXTargetDependency */ = {
			isa = PBXTargetDependency;
			target = 0E713EEC237012BB004546B2 /* OnTheMap */;
			targetProxy = 0E713F0D237012BD004546B2 /* PBXContainerItemProxy */;
		};
/* End PBXTargetDependency section */

/* Begin PBXVariantGroup section */
		0E713EF4237012BB004546B2 /* Main.storyboard */ = {
			isa = PBXVariantGroup;
			children = (
				0E713EF5237012BB004546B2 /* Base */,
			);
			name = Main.storyboard;
			sourceTree = "<group>";
		};
		0E713EF9237012BD004546B2 /* LaunchScreen.storyboard */ = {
			isa = PBXVariantGroup;
			children = (
				0E713EFA237012BD004546B2 /* Base */,
			);
			name = LaunchScreen.storyboard;
			sourceTree = "<group>";
		};
/* End PBXVariantGroup section */

/* Begin XCBuildConfiguration section */
		0E713F13237012BD004546B2 /* Debug */ = {
			isa = XCBuildConfiguration;
			buildSettings = {
				ALWAYS_SEARCH_USER_PATHS = NO;
				CLANG_ANALYZER_NONNULL = YES;
				CLANG_ANALYZER_NUMBER_OBJECT_CONVERSION = YES_AGGRESSIVE;
				CLANG_CXX_LANGUAGE_STANDARD = "gnu++14";
				CLANG_CXX_LIBRARY = "libc++";
				CLANG_ENABLE_MODULES = YES;
				CLANG_ENABLE_OBJC_ARC = YES;
				CLANG_ENABLE_OBJC_WEAK = YES;
				CLANG_WARN_BLOCK_CAPTURE_AUTORELEASING = YES;
				CLANG_WARN_BOOL_CONVERSION = YES;
				CLANG_WARN_COMMA = YES;
				CLANG_WARN_CONSTANT_CONVERSION = YES;
				CLANG_WARN_DEPRECATED_OBJC_IMPLEMENTATIONS = YES;
				CLANG_WARN_DIRECT_OBJC_ISA_USAGE = YES_ERROR;
				CLANG_WARN_DOCUMENTATION_COMMENTS = YES;
				CLANG_WARN_EMPTY_BODY = YES;
				CLANG_WARN_ENUM_CONVERSION = YES;
				CLANG_WARN_INFINITE_RECURSION = YES;
				CLANG_WARN_INT_CONVERSION = YES;
				CLANG_WARN_NON_LITERAL_NULL_CONVERSION = YES;
				CLANG_WARN_OBJC_IMPLICIT_RETAIN_SELF = YES;
				CLANG_WARN_OBJC_LITERAL_CONVERSION = YES;
				CLANG_WARN_OBJC_ROOT_CLASS = YES_ERROR;
				CLANG_WARN_RANGE_LOOP_ANALYSIS = YES;
				CLANG_WARN_STRICT_PROTOTYPES = YES;
				CLANG_WARN_SUSPICIOUS_MOVE = YES;
				CLANG_WARN_UNGUARDED_AVAILABILITY = YES_AGGRESSIVE;
				CLANG_WARN_UNREACHABLE_CODE = YES;
				CLANG_WARN__DUPLICATE_METHOD_MATCH = YES;
				CODE_SIGN_IDENTITY = "iPhone Developer";
				COPY_PHASE_STRIP = NO;
				DEBUG_INFORMATION_FORMAT = dwarf;
				ENABLE_STRICT_OBJC_MSGSEND = YES;
				ENABLE_TESTABILITY = YES;
				GCC_C_LANGUAGE_STANDARD = gnu11;
				GCC_DYNAMIC_NO_PIC = NO;
				GCC_NO_COMMON_BLOCKS = YES;
				GCC_OPTIMIZATION_LEVEL = 0;
				GCC_PREPROCESSOR_DEFINITIONS = (
					"DEBUG=1",
					"$(inherited)",
				);
				GCC_WARN_64_TO_32_BIT_CONVERSION = YES;
				GCC_WARN_ABOUT_RETURN_TYPE = YES_ERROR;
				GCC_WARN_UNDECLARED_SELECTOR = YES;
				GCC_WARN_UNINITIALIZED_AUTOS = YES_AGGRESSIVE;
				GCC_WARN_UNUSED_FUNCTION = YES;
				GCC_WARN_UNUSED_VARIABLE = YES;
				IPHONEOS_DEPLOYMENT_TARGET = 12.4;
				MTL_ENABLE_DEBUG_INFO = INCLUDE_SOURCE;
				MTL_FAST_MATH = YES;
				ONLY_ACTIVE_ARCH = YES;
				SDKROOT = iphoneos;
				SWIFT_ACTIVE_COMPILATION_CONDITIONS = DEBUG;
				SWIFT_OPTIMIZATION_LEVEL = "-Onone";
			};
			name = Debug;
		};
		0E713F14237012BD004546B2 /* Release */ = {
			isa = XCBuildConfiguration;
			buildSettings = {
				ALWAYS_SEARCH_USER_PATHS = NO;
				CLANG_ANALYZER_NONNULL = YES;
				CLANG_ANALYZER_NUMBER_OBJECT_CONVERSION = YES_AGGRESSIVE;
				CLANG_CXX_LANGUAGE_STANDARD = "gnu++14";
				CLANG_CXX_LIBRARY = "libc++";
				CLANG_ENABLE_MODULES = YES;
				CLANG_ENABLE_OBJC_ARC = YES;
				CLANG_ENABLE_OBJC_WEAK = YES;
				CLANG_WARN_BLOCK_CAPTURE_AUTORELEASING = YES;
				CLANG_WARN_BOOL_CONVERSION = YES;
				CLANG_WARN_COMMA = YES;
				CLANG_WARN_CONSTANT_CONVERSION = YES;
				CLANG_WARN_DEPRECATED_OBJC_IMPLEMENTATIONS = YES;
				CLANG_WARN_DIRECT_OBJC_ISA_USAGE = YES_ERROR;
				CLANG_WARN_DOCUMENTATION_COMMENTS = YES;
				CLANG_WARN_EMPTY_BODY = YES;
				CLANG_WARN_ENUM_CONVERSION = YES;
				CLANG_WARN_INFINITE_RECURSION = YES;
				CLANG_WARN_INT_CONVERSION = YES;
				CLANG_WARN_NON_LITERAL_NULL_CONVERSION = YES;
				CLANG_WARN_OBJC_IMPLICIT_RETAIN_SELF = YES;
				CLANG_WARN_OBJC_LITERAL_CONVERSION = YES;
				CLANG_WARN_OBJC_ROOT_CLASS = YES_ERROR;
				CLANG_WARN_RANGE_LOOP_ANALYSIS = YES;
				CLANG_WARN_STRICT_PROTOTYPES = YES;
				CLANG_WARN_SUSPICIOUS_MOVE = YES;
				CLANG_WARN_UNGUARDED_AVAILABILITY = YES_AGGRESSIVE;
				CLANG_WARN_UNREACHABLE_CODE = YES;
				CLANG_WARN__DUPLICATE_METHOD_MATCH = YES;
				CODE_SIGN_IDENTITY = "iPhone Developer";
				COPY_PHASE_STRIP = NO;
				DEBUG_INFORMATION_FORMAT = "dwarf-with-dsym";
				ENABLE_NS_ASSERTIONS = NO;
				ENABLE_STRICT_OBJC_MSGSEND = YES;
				GCC_C_LANGUAGE_STANDARD = gnu11;
				GCC_NO_COMMON_BLOCKS = YES;
				GCC_WARN_64_TO_32_BIT_CONVERSION = YES;
				GCC_WARN_ABOUT_RETURN_TYPE = YES_ERROR;
				GCC_WARN_UNDECLARED_SELECTOR = YES;
				GCC_WARN_UNINITIALIZED_AUTOS = YES_AGGRESSIVE;
				GCC_WARN_UNUSED_FUNCTION = YES;
				GCC_WARN_UNUSED_VARIABLE = YES;
				IPHONEOS_DEPLOYMENT_TARGET = 12.4;
				MTL_ENABLE_DEBUG_INFO = NO;
				MTL_FAST_MATH = YES;
				SDKROOT = iphoneos;
				SWIFT_COMPILATION_MODE = wholemodule;
				SWIFT_OPTIMIZATION_LEVEL = "-O";
				VALIDATE_PRODUCT = YES;
			};
			name = Release;
		};
		0E713F16237012BD004546B2 /* Debug */ = {
			isa = XCBuildConfiguration;
			buildSettings = {
				ASSETCATALOG_COMPILER_APPICON_NAME = AppIcon;
				CODE_SIGN_STYLE = Automatic;
				INFOPLIST_FILE = OnTheMap/Info.plist;
				LD_RUNPATH_SEARCH_PATHS = (
					"$(inherited)",
					"@executable_path/Frameworks",
				);
				PRODUCT_BUNDLE_IDENTIFIER = Udasity.com.OnTheMap;
				PRODUCT_NAME = "$(TARGET_NAME)";
				SWIFT_VERSION = 5.0;
				TARGETED_DEVICE_FAMILY = "1,2";
			};
			name = Debug;
		};
		0E713F17237012BD004546B2 /* Release */ = {
			isa = XCBuildConfiguration;
			buildSettings = {
				ASSETCATALOG_COMPILER_APPICON_NAME = AppIcon;
				CODE_SIGN_STYLE = Automatic;
				INFOPLIST_FILE = OnTheMap/Info.plist;
				LD_RUNPATH_SEARCH_PATHS = (
					"$(inherited)",
					"@executable_path/Frameworks",
				);
				PRODUCT_BUNDLE_IDENTIFIER = Udasity.com.OnTheMap;
				PRODUCT_NAME = "$(TARGET_NAME)";
				SWIFT_VERSION = 5.0;
				TARGETED_DEVICE_FAMILY = "1,2";
			};
			name = Release;
		};
		0E713F19237012BD004546B2 /* Debug */ = {
			isa = XCBuildConfiguration;
			buildSettings = {
				ALWAYS_EMBED_SWIFT_STANDARD_LIBRARIES = YES;
				BUNDLE_LOADER = "$(TEST_HOST)";
				CODE_SIGN_STYLE = Automatic;
				INFOPLIST_FILE = OnTheMapTests/Info.plist;
				LD_RUNPATH_SEARCH_PATHS = (
					"$(inherited)",
					"@executable_path/Frameworks",
					"@loader_path/Frameworks",
				);
				PRODUCT_BUNDLE_IDENTIFIER = Udasity.com.OnTheMapTests;
				PRODUCT_NAME = "$(TARGET_NAME)";
				SWIFT_VERSION = 5.0;
				TARGETED_DEVICE_FAMILY = "1,2";
				TEST_HOST = "$(BUILT_PRODUCTS_DIR)/OnTheMap.app/OnTheMap";
			};
			name = Debug;
		};
		0E713F1A237012BD004546B2 /* Release */ = {
			isa = XCBuildConfiguration;
			buildSettings = {
				ALWAYS_EMBED_SWIFT_STANDARD_LIBRARIES = YES;
				BUNDLE_LOADER = "$(TEST_HOST)";
				CODE_SIGN_STYLE = Automatic;
				INFOPLIST_FILE = OnTheMapTests/Info.plist;
				LD_RUNPATH_SEARCH_PATHS = (
					"$(inherited)",
					"@executable_path/Frameworks",
					"@loader_path/Frameworks",
				);
				PRODUCT_BUNDLE_IDENTIFIER = Udasity.com.OnTheMapTests;
				PRODUCT_NAME = "$(TARGET_NAME)";
				SWIFT_VERSION = 5.0;
				TARGETED_DEVICE_FAMILY = "1,2";
				TEST_HOST = "$(BUILT_PRODUCTS_DIR)/OnTheMap.app/OnTheMap";
			};
			name = Release;
		};
		0E713F1C237012BD004546B2 /* Debug */ = {
			isa = XCBuildConfiguration;
			buildSettings = {
				ALWAYS_EMBED_SWIFT_STANDARD_LIBRARIES = YES;
				CODE_SIGN_STYLE = Automatic;
				INFOPLIST_FILE = OnTheMapUITests/Info.plist;
				LD_RUNPATH_SEARCH_PATHS = (
					"$(inherited)",
					"@executable_path/Frameworks",
					"@loader_path/Frameworks",
				);
				PRODUCT_BUNDLE_IDENTIFIER = Udasity.com.OnTheMapUITests;
				PRODUCT_NAME = "$(TARGET_NAME)";
				SWIFT_VERSION = 5.0;
				TARGETED_DEVICE_FAMILY = "1,2";
				TEST_TARGET_NAME = OnTheMap;
			};
			name = Debug;
		};
		0E713F1D237012BD004546B2 /* Release */ = {
			isa = XCBuildConfiguration;
			buildSettings = {
				ALWAYS_EMBED_SWIFT_STANDARD_LIBRARIES = YES;
				CODE_SIGN_STYLE = Automatic;
				INFOPLIST_FILE = OnTheMapUITests/Info.plist;
				LD_RUNPATH_SEARCH_PATHS = (
					"$(inherited)",
					"@executable_path/Frameworks",
					"@loader_path/Frameworks",
				);
				PRODUCT_BUNDLE_IDENTIFIER = Udasity.com.OnTheMapUITests;
				PRODUCT_NAME = "$(TARGET_NAME)";
				SWIFT_VERSION = 5.0;
				TARGETED_DEVICE_FAMILY = "1,2";
				TEST_TARGET_NAME = OnTheMap;
			};
			name = Release;
		};
/* End XCBuildConfiguration section */

/* Begin XCConfigurationList section */
		0E713EE8237012BB004546B2 /* Build configuration list for PBXProject "OnTheMap" */ = {
			isa = XCConfigurationList;
			buildConfigurations = (
				0E713F13237012BD004546B2 /* Debug */,
				0E713F14237012BD004546B2 /* Release */,
			);
			defaultConfigurationIsVisible = 0;
			defaultConfigurationName = Release;
		};
		0E713F15237012BD004546B2 /* Build configuration list for PBXNativeTarget "OnTheMap" */ = {
			isa = XCConfigurationList;
			buildConfigurations = (
				0E713F16237012BD004546B2 /* Debug */,
				0E713F17237012BD004546B2 /* Release */,
			);
			defaultConfigurationIsVisible = 0;
			defaultConfigurationName = Release;
		};
		0E713F18237012BD004546B2 /* Build configuration list for PBXNativeTarget "OnTheMapTests" */ = {
			isa = XCConfigurationList;
			buildConfigurations = (
				0E713F19237012BD004546B2 /* Debug */,
				0E713F1A237012BD004546B2 /* Release */,
			);
			defaultConfigurationIsVisible = 0;
			defaultConfigurationName = Release;
		};
		0E713F1B237012BD004546B2 /* Build configuration list for PBXNativeTarget "OnTheMapUITests" */ = {
			isa = XCConfigurationList;
			buildConfigurations = (
				0E713F1C237012BD004546B2 /* Debug */,
				0E713F1D237012BD004546B2 /* Release */,
			);
			defaultConfigurationIsVisible = 0;
			defaultConfigurationName = Release;
		};
/* End XCConfigurationList section */
	};
	rootObject = 0E713EE5237012BB004546B2 /* Project object */;
}
